
Microsoft Visual Studio Solution File, Format Version 12.00
# Visual Studio 15
VisualStudioVersion = 15.0.28307.329
MinimumVisualStudioVersion = 10.0.40219.1
Project("{FAE04EC0-301F-11D3-BF4B-00C04F79EFBC}") = "Task1", "Task1\Task1.csproj", "{7E2699DB-89DE-4581-ABD4-682967A795E9}"
EndProject
Project("{FAE04EC0-301F-11D3-BF4B-00C04F79EFBC}") = "Task2", "Task2\Task2.csproj", "{720DA79D-32B9-49B5-9437-A98852674FDB}"
EndProject
Project("{FAE04EC0-301F-11D3-BF4B-00C04F79EFBC}") = "Task3", "Task3\Task3.csproj", "{FABFD991-993E-4D75-9BCF-764FC9FD3C3E}"
EndProject
Project("{FAE04EC0-301F-11D3-BF4B-00C04F79EFBC}") = "Task4", "Task4\Task4.csproj", "{FFB001C2-0D31-41C5-B771-AED629B24CDE}"
EndProject
Global
	GlobalSection(SolutionConfigurationPlatforms) = preSolution
		Debug|Any CPU = Debug|Any CPU
		Release|Any CPU = Release|Any CPU
	EndGlobalSection
	GlobalSection(ProjectConfigurationPlatforms) = postSolution
		{7E2699DB-89DE-4581-ABD4-682967A795E9}.Debug|Any CPU.ActiveCfg = Debug|Any CPU
		{7E2699DB-89DE-4581-ABD4-682967A795E9}.Debug|Any CPU.Build.0 = Debug|Any CPU
		{7E2699DB-89DE-4581-ABD4-682967A795E9}.Release|Any CPU.ActiveCfg = Release|Any CPU
		{7E2699DB-89DE-4581-ABD4-682967A795E9}.Release|Any CPU.Build.0 = Release|Any CPU
		{720DA79D-32B9-49B5-9437-A98852674FDB}.Debug|Any CPU.ActiveCfg = Debug|Any CPU
		{720DA79D-32B9-49B5-9437-A98852674FDB}.Debug|Any CPU.Build.0 = Debug|Any CPU
		{720DA79D-32B9-49B5-9437-A98852674FDB}.Release|Any CPU.ActiveCfg = Release|Any CPU
		{720DA79D-32B9-49B5-9437-A98852674FDB}.Release|Any CPU.Build.0 = Release|Any CPU
		{FABFD991-993E-4D75-9BCF-764FC9FD3C3E}.Debug|Any CPU.ActiveCfg = Debug|Any CPU
		{FABFD991-993E-4D75-9BCF-764FC9FD3C3E}.Debug|Any CPU.Build.0 = Debug|Any CPU
		{FABFD991-993E-4D75-9BCF-764FC9FD3C3E}.Release|Any CPU.ActiveCfg = Release|Any CPU
		{FABFD991-993E-4D75-9BCF-764FC9FD3C3E}.Release|Any CPU.Build.0 = Release|Any CPU
		{FFB001C2-0D31-41C5-B771-AED629B24CDE}.Debug|Any CPU.ActiveCfg = Debug|Any CPU
		{FFB001C2-0D31-41C5-B771-AED629B24CDE}.Debug|Any CPU.Build.0 = Debug|Any CPU
		{FFB001C2-0D31-41C5-B771-AED629B24CDE}.Release|Any CPU.ActiveCfg = Release|Any CPU
		{FFB001C2-0D31-41C5-B771-AED629B24CDE}.Release|Any CPU.Build.0 = Release|Any CPU
	EndGlobalSection
	GlobalSection(SolutionProperties) = preSolution
		HideSolutionNode = FALSE
	EndGlobalSection
	GlobalSection(ExtensibilityGlobals) = postSolution
		SolutionGuid = {C787EB88-FB66-42F0-878D-DDBCC795BEDB}
	EndGlobalSection
EndGlobal
