
Microsoft Visual Studio Solution File, Format Version 12.00
# Visual Studio 15
VisualStudioVersion = 15.0.28307.329
MinimumVisualStudioVersion = 10.0.40219.1
Project("{FAE04EC0-301F-11D3-BF4B-00C04F79EFBC}") = "FarManager", "Task1\FarManager.csproj", "{5293AB5C-E3D9-400A-82BB-F2E572188ED9}"
EndProject
Global
	GlobalSection(SolutionConfigurationPlatforms) = preSolution
		Debug|Any CPU = Debug|Any CPU
		Release|Any CPU = Release|Any CPU
	EndGlobalSection
	GlobalSection(ProjectConfigurationPlatforms) = postSolution
		{5293AB5C-E3D9-400A-82BB-F2E572188ED9}.Debug|Any CPU.ActiveCfg = Debug|Any CPU
		{5293AB5C-E3D9-400A-82BB-F2E572188ED9}.Debug|Any CPU.Build.0 = Debug|Any CPU
		{5293AB5C-E3D9-400A-82BB-F2E572188ED9}.Release|Any CPU.ActiveCfg = Release|Any CPU
		{5293AB5C-E3D9-400A-82BB-F2E572188ED9}.Release|Any CPU.Build.0 = Release|Any CPU
	EndGlobalSection
	GlobalSection(SolutionProperties) = preSolution
		HideSolutionNode = FALSE
	EndGlobalSection
	GlobalSection(ExtensibilityGlobals) = postSolution
		SolutionGuid = {4CAB01FB-68B8-4998-A981-63753DFBB686}
	EndGlobalSection
EndGlobal
